
Microsoft Visual Studio Solution File, Format Version 12.00
# Visual Studio 15
VisualStudioVersion = 15.0.28307.421
MinimumVisualStudioVersion = 10.0.40219.1
Project("{FAE04EC0-301F-11D3-BF4B-00C04F79EFBC}") = "CSharp_Course_Project", "CSharp_Course_Project\CSharp_Course_Project.csproj", "{B1D54243-7DE7-4826-9685-F762D7A5AB57}"
EndProject
Project("{FAE04EC0-301F-11D3-BF4B-00C04F79EFBC}") = "practice_06.08.2019_System.IO", "practice_06.08.2019_System.IO\practice_06.08.2019_System.IO.csproj", "{DAA6B723-447E-4E06-8DF1-6864E3D3B4C1}"
EndProject
Global
	GlobalSection(SolutionConfigurationPlatforms) = preSolution
		Debug|Any CPU = Debug|Any CPU
		Release|Any CPU = Release|Any CPU
	EndGlobalSection
	GlobalSection(ProjectConfigurationPlatforms) = postSolution
		{B1D54243-7DE7-4826-9685-F762D7A5AB57}.Debug|Any CPU.ActiveCfg = Debug|Any CPU
		{B1D54243-7DE7-4826-9685-F762D7A5AB57}.Debug|Any CPU.Build.0 = Debug|Any CPU
		{B1D54243-7DE7-4826-9685-F762D7A5AB57}.Release|Any CPU.ActiveCfg = Release|Any CPU
		{B1D54243-7DE7-4826-9685-F762D7A5AB57}.Release|Any CPU.Build.0 = Release|Any CPU
		{DAA6B723-447E-4E06-8DF1-6864E3D3B4C1}.Debug|Any CPU.ActiveCfg = Debug|Any CPU
		{DAA6B723-447E-4E06-8DF1-6864E3D3B4C1}.Debug|Any CPU.Build.0 = Debug|Any CPU
		{DAA6B723-447E-4E06-8DF1-6864E3D3B4C1}.Release|Any CPU.ActiveCfg = Release|Any CPU
		{DAA6B723-447E-4E06-8DF1-6864E3D3B4C1}.Release|Any CPU.Build.0 = Release|Any CPU
	EndGlobalSection
	GlobalSection(SolutionProperties) = preSolution
		HideSolutionNode = FALSE
	EndGlobalSection
	GlobalSection(ExtensibilityGlobals) = postSolution
		SolutionGuid = {36DBAE32-67B4-44D1-B070-664685EB7F86}
	EndGlobalSection
EndGlobal
